
Microsoft Visual Studio Solution File, Format Version 11.00
# Visual Studio 2010
Project("{FAE04EC0-301F-11D3-BF4B-00C04F79EFBC}") = "DICOMEditor", "DICOMEditor\DICOMEditor.csproj", "{EEBE5F22-BCA0-4E64-A78B-65F4D4A3153A}"
EndProject
Global
	GlobalSection(SolutionConfigurationPlatforms) = preSolution
		Debug|Any CPU = Debug|Any CPU
		Debug|x86 = Debug|x86
		Release|Any CPU = Release|Any CPU
		Release|x86 = Release|x86
	EndGlobalSection
	GlobalSection(ProjectConfigurationPlatforms) = postSolution
		{EEBE5F22-BCA0-4E64-A78B-65F4D4A3153A}.Debug|Any CPU.ActiveCfg = Debug|Any CPU
		{EEBE5F22-BCA0-4E64-A78B-65F4D4A3153A}.Debug|Any CPU.Build.0 = Debug|Any CPU
		{EEBE5F22-BCA0-4E64-A78B-65F4D4A3153A}.Debug|x86.ActiveCfg = Release|x86
		{EEBE5F22-BCA0-4E64-A78B-65F4D4A3153A}.Debug|x86.Build.0 = Release|x86
		{EEBE5F22-BCA0-4E64-A78B-65F4D4A3153A}.Release|Any CPU.ActiveCfg = Release|Any CPU
		{EEBE5F22-BCA0-4E64-A78B-65F4D4A3153A}.Release|Any CPU.Build.0 = Release|Any CPU
		{EEBE5F22-BCA0-4E64-A78B-65F4D4A3153A}.Release|x86.ActiveCfg = Release|x86
		{EEBE5F22-BCA0-4E64-A78B-65F4D4A3153A}.Release|x86.Build.0 = Release|x86
	EndGlobalSection
	GlobalSection(SolutionProperties) = preSolution
		HideSolutionNode = FALSE
	EndGlobalSection
EndGlobal
